
Microsoft Visual Studio Solution File, Format Version 12.00
# Visual Studio 15
VisualStudioVersion = 15.0.28307.572
MinimumVisualStudioVersion = 10.0.40219.1
Project("{9A19103F-16F7-4668-BE54-9A1E7A4F7556}") = "Com.MajorMinor.Service.Auth.Lib", "Com.MajorMinor.Service.Auth.Lib\Com.MajorMinor.Service.Auth.Lib.csproj", "{20F9540B-707A-4074-BC82-05F7503D5CEE}"
EndProject
Project("{9A19103F-16F7-4668-BE54-9A1E7A4F7556}") = "Com.MajorMinor.Service.Auth.WebApi", "Com.MajorMinor.Service.Auth.WebApi\Com.MajorMinor.Service.Auth.WebApi.csproj", "{BAD284CA-F4AB-48DB-A56D-4BB2D50DDD5D}"
EndProject
Project("{9A19103F-16F7-4668-BE54-9A1E7A4F7556}") = "Com.MajorMinor.Service.Auth.Test", "Com.MajorMinor.Service.Auth.Test\Com.MajorMinor.Service.Auth.Test.csproj", "{C5B92D2A-0D9E-449A-9CAF-5423414C4B0B}"
EndProject
Global
	GlobalSection(SolutionConfigurationPlatforms) = preSolution
		Debug|Any CPU = Debug|Any CPU
		Release|Any CPU = Release|Any CPU
	EndGlobalSection
	GlobalSection(ProjectConfigurationPlatforms) = postSolution
		{20F9540B-707A-4074-BC82-05F7503D5CEE}.Debug|Any CPU.ActiveCfg = Debug|Any CPU
		{20F9540B-707A-4074-BC82-05F7503D5CEE}.Debug|Any CPU.Build.0 = Debug|Any CPU
		{20F9540B-707A-4074-BC82-05F7503D5CEE}.Release|Any CPU.ActiveCfg = Release|Any CPU
		{20F9540B-707A-4074-BC82-05F7503D5CEE}.Release|Any CPU.Build.0 = Release|Any CPU
		{BAD284CA-F4AB-48DB-A56D-4BB2D50DDD5D}.Debug|Any CPU.ActiveCfg = Debug|Any CPU
		{BAD284CA-F4AB-48DB-A56D-4BB2D50DDD5D}.Debug|Any CPU.Build.0 = Debug|Any CPU
		{BAD284CA-F4AB-48DB-A56D-4BB2D50DDD5D}.Release|Any CPU.ActiveCfg = Release|Any CPU
		{BAD284CA-F4AB-48DB-A56D-4BB2D50DDD5D}.Release|Any CPU.Build.0 = Release|Any CPU
		{C5B92D2A-0D9E-449A-9CAF-5423414C4B0B}.Debug|Any CPU.ActiveCfg = Debug|Any CPU
		{C5B92D2A-0D9E-449A-9CAF-5423414C4B0B}.Debug|Any CPU.Build.0 = Debug|Any CPU
		{C5B92D2A-0D9E-449A-9CAF-5423414C4B0B}.Release|Any CPU.ActiveCfg = Release|Any CPU
		{C5B92D2A-0D9E-449A-9CAF-5423414C4B0B}.Release|Any CPU.Build.0 = Release|Any CPU
	EndGlobalSection
	GlobalSection(SolutionProperties) = preSolution
		HideSolutionNode = FALSE
	EndGlobalSection
	GlobalSection(ExtensibilityGlobals) = postSolution
		SolutionGuid = {6C324128-5473-4B1B-9457-E4FA570CC142}
	EndGlobalSection
EndGlobal
